
Microsoft Visual Studio Solution File, Format Version 12.00
# Visual Studio Version 17
VisualStudioVersion = 17.1.32328.378
MinimumVisualStudioVersion = 10.0.40219.1
Project("{FAE04EC0-301F-11D3-BF4B-00C04F79EFBC}") = "ToyUniverseWeb", "ToyUniverseWeb\ToyUniverseWeb.csproj", "{144C0948-9203-456D-B0AD-B4938D902B15}"
EndProject
Project("{FAE04EC0-301F-11D3-BF4B-00C04F79EFBC}") = "ToyUniverseData", "ToyUniverseData\ToyUniverseData.csproj", "{45D93583-1D67-4EE1-87D9-EDB0FFA14AEE}"
EndProject
Global
	GlobalSection(SolutionConfigurationPlatforms) = preSolution
		Debug|Any CPU = Debug|Any CPU
		Release|Any CPU = Release|Any CPU
	EndGlobalSection
	GlobalSection(ProjectConfigurationPlatforms) = postSolution
		{144C0948-9203-456D-B0AD-B4938D902B15}.Debug|Any CPU.ActiveCfg = Debug|Any CPU
		{144C0948-9203-456D-B0AD-B4938D902B15}.Debug|Any CPU.Build.0 = Debug|Any CPU
		{144C0948-9203-456D-B0AD-B4938D902B15}.Release|Any CPU.ActiveCfg = Release|Any CPU
		{144C0948-9203-456D-B0AD-B4938D902B15}.Release|Any CPU.Build.0 = Release|Any CPU
		{45D93583-1D67-4EE1-87D9-EDB0FFA14AEE}.Debug|Any CPU.ActiveCfg = Debug|Any CPU
		{45D93583-1D67-4EE1-87D9-EDB0FFA14AEE}.Debug|Any CPU.Build.0 = Debug|Any CPU
		{45D93583-1D67-4EE1-87D9-EDB0FFA14AEE}.Release|Any CPU.ActiveCfg = Release|Any CPU
		{45D93583-1D67-4EE1-87D9-EDB0FFA14AEE}.Release|Any CPU.Build.0 = Release|Any CPU
	EndGlobalSection
	GlobalSection(SolutionProperties) = preSolution
		HideSolutionNode = FALSE
	EndGlobalSection
	GlobalSection(ExtensibilityGlobals) = postSolution
		SolutionGuid = {8B98CA48-330E-415A-A841-4D9344BFA33D}
	EndGlobalSection
EndGlobal
